
Microsoft Visual Studio Solution File, Format Version 12.00
# Visual Studio Version 17
VisualStudioVersion = 17.10.34928.147
MinimumVisualStudioVersion = 10.0.40219.1
Project("{FAE04EC0-301F-11D3-BF4B-00C04F79EFBC}") = "ExchangeRateComparer.WebApi", "ExchangeRateComparer\ExchangeRateComparer.WebApi.csproj", "{A0E45645-1A40-443A-8B00-01EED2A6AB4B}"
EndProject
Project("{FAE04EC0-301F-11D3-BF4B-00C04F79EFBC}") = "ExchangeRateComparer.Common", "ExchangeRateComparer.Common\ExchangeRateComparer.Common.csproj", "{79E63485-912E-4FC1-9E09-D799BC2C8E9E}"
EndProject
Project("{FAE04EC0-301F-11D3-BF4B-00C04F79EFBC}") = "ExchangeRateComparer.Core.Application", "ExchangeRateComparer.Application\ExchangeRateComparer.Core.Application.csproj", "{3285B5A4-FAB5-4829-B977-4F0C1D1B5973}"
EndProject
Project("{FAE04EC0-301F-11D3-BF4B-00C04F79EFBC}") = "ExchangeRateComparer.Core.Domain", "ExchangeRateComparer.Domain\ExchangeRateComparer.Core.Domain.csproj", "{494E1EC4-D13B-48E6-B805-A73A7E715987}"
EndProject
Project("{FAE04EC0-301F-11D3-BF4B-00C04F79EFBC}") = "ExchangeRateComparer.Test", "ExchangeRateComparer.Test\ExchangeRateComparer.Test.csproj", "{C53C98B3-FF0A-44A1-9DC0-328DE4FC95E9}"
EndProject
Global
	GlobalSection(SolutionConfigurationPlatforms) = preSolution
		Debug|Any CPU = Debug|Any CPU
		Release|Any CPU = Release|Any CPU
	EndGlobalSection
	GlobalSection(ProjectConfigurationPlatforms) = postSolution
		{A0E45645-1A40-443A-8B00-01EED2A6AB4B}.Debug|Any CPU.ActiveCfg = Debug|Any CPU
		{A0E45645-1A40-443A-8B00-01EED2A6AB4B}.Debug|Any CPU.Build.0 = Debug|Any CPU
		{A0E45645-1A40-443A-8B00-01EED2A6AB4B}.Release|Any CPU.ActiveCfg = Release|Any CPU
		{A0E45645-1A40-443A-8B00-01EED2A6AB4B}.Release|Any CPU.Build.0 = Release|Any CPU
		{79E63485-912E-4FC1-9E09-D799BC2C8E9E}.Debug|Any CPU.ActiveCfg = Debug|Any CPU
		{79E63485-912E-4FC1-9E09-D799BC2C8E9E}.Debug|Any CPU.Build.0 = Debug|Any CPU
		{79E63485-912E-4FC1-9E09-D799BC2C8E9E}.Release|Any CPU.ActiveCfg = Release|Any CPU
		{79E63485-912E-4FC1-9E09-D799BC2C8E9E}.Release|Any CPU.Build.0 = Release|Any CPU
		{3285B5A4-FAB5-4829-B977-4F0C1D1B5973}.Debug|Any CPU.ActiveCfg = Debug|Any CPU
		{3285B5A4-FAB5-4829-B977-4F0C1D1B5973}.Debug|Any CPU.Build.0 = Debug|Any CPU
		{3285B5A4-FAB5-4829-B977-4F0C1D1B5973}.Release|Any CPU.ActiveCfg = Release|Any CPU
		{3285B5A4-FAB5-4829-B977-4F0C1D1B5973}.Release|Any CPU.Build.0 = Release|Any CPU
		{494E1EC4-D13B-48E6-B805-A73A7E715987}.Debug|Any CPU.ActiveCfg = Debug|Any CPU
		{494E1EC4-D13B-48E6-B805-A73A7E715987}.Debug|Any CPU.Build.0 = Debug|Any CPU
		{494E1EC4-D13B-48E6-B805-A73A7E715987}.Release|Any CPU.ActiveCfg = Release|Any CPU
		{494E1EC4-D13B-48E6-B805-A73A7E715987}.Release|Any CPU.Build.0 = Release|Any CPU
		{C53C98B3-FF0A-44A1-9DC0-328DE4FC95E9}.Debug|Any CPU.ActiveCfg = Debug|Any CPU
		{C53C98B3-FF0A-44A1-9DC0-328DE4FC95E9}.Debug|Any CPU.Build.0 = Debug|Any CPU
		{C53C98B3-FF0A-44A1-9DC0-328DE4FC95E9}.Release|Any CPU.ActiveCfg = Release|Any CPU
		{C53C98B3-FF0A-44A1-9DC0-328DE4FC95E9}.Release|Any CPU.Build.0 = Release|Any CPU
	EndGlobalSection
	GlobalSection(SolutionProperties) = preSolution
		HideSolutionNode = FALSE
	EndGlobalSection
	GlobalSection(ExtensibilityGlobals) = postSolution
		SolutionGuid = {B7DFEBE6-DA6F-4D79-9EAE-30EA17C16D50}
	EndGlobalSection
EndGlobal
